
Microsoft Visual Studio Solution File, Format Version 12.00
# Visual Studio Version 17
VisualStudioVersion = 17.0.31919.166
MinimumVisualStudioVersion = 10.0.40219.1
Project("{FAE04EC0-301F-11D3-BF4B-00C04F79EFBC}") = "GAME1", "GAME1\GAME1.csproj", "{0B7933EA-3A62-4D7F-9D68-9A9D34BF244B}"
EndProject
Global
	GlobalSection(SolutionConfigurationPlatforms) = preSolution
		Debug|Any CPU = Debug|Any CPU
		Release|Any CPU = Release|Any CPU
	EndGlobalSection
	GlobalSection(ProjectConfigurationPlatforms) = postSolution
		{0B7933EA-3A62-4D7F-9D68-9A9D34BF244B}.Debug|Any CPU.ActiveCfg = Debug|Any CPU
		{0B7933EA-3A62-4D7F-9D68-9A9D34BF244B}.Debug|Any CPU.Build.0 = Debug|Any CPU
		{0B7933EA-3A62-4D7F-9D68-9A9D34BF244B}.Release|Any CPU.ActiveCfg = Release|Any CPU
		{0B7933EA-3A62-4D7F-9D68-9A9D34BF244B}.Release|Any CPU.Build.0 = Release|Any CPU
	EndGlobalSection
	GlobalSection(SolutionProperties) = preSolution
		HideSolutionNode = FALSE
	EndGlobalSection
	GlobalSection(ExtensibilityGlobals) = postSolution
		SolutionGuid = {75DB62CB-0547-46BA-839E-EF83DBF10EC8}
	EndGlobalSection
EndGlobal
